
Microsoft Visual Studio Solution File, Format Version 12.00
# Visual Studio Version 16
VisualStudioVersion = 16.0.29215.179
MinimumVisualStudioVersion = 10.0.40219.1
Project("{FAE04EC0-301F-11D3-BF4B-00C04F79EFBC}") = "Alexa.NET.APL.Transitions", "Alexa.NET.APL.Transitions\Alexa.NET.APL.Transitions.csproj", "{EA19CD98-B758-4D7B-B7D8-21B18BF22126}"
EndProject
Project("{FAE04EC0-301F-11D3-BF4B-00C04F79EFBC}") = "Alexa.NET.APL.Transitions.Tests", "Alexa.NET.APL.Transitions.Tests\Alexa.NET.APL.Transitions.Tests.csproj", "{765F3E71-26DD-4932-8609-816594424730}"
EndProject
Global
	GlobalSection(SolutionConfigurationPlatforms) = preSolution
		Debug|Any CPU = Debug|Any CPU
		Release|Any CPU = Release|Any CPU
	EndGlobalSection
	GlobalSection(ProjectConfigurationPlatforms) = postSolution
		{EA19CD98-B758-4D7B-B7D8-21B18BF22126}.Debug|Any CPU.ActiveCfg = Debug|Any CPU
		{EA19CD98-B758-4D7B-B7D8-21B18BF22126}.Debug|Any CPU.Build.0 = Debug|Any CPU
		{EA19CD98-B758-4D7B-B7D8-21B18BF22126}.Release|Any CPU.ActiveCfg = Release|Any CPU
		{EA19CD98-B758-4D7B-B7D8-21B18BF22126}.Release|Any CPU.Build.0 = Release|Any CPU
		{765F3E71-26DD-4932-8609-816594424730}.Debug|Any CPU.ActiveCfg = Debug|Any CPU
		{765F3E71-26DD-4932-8609-816594424730}.Debug|Any CPU.Build.0 = Debug|Any CPU
		{765F3E71-26DD-4932-8609-816594424730}.Release|Any CPU.ActiveCfg = Release|Any CPU
		{765F3E71-26DD-4932-8609-816594424730}.Release|Any CPU.Build.0 = Release|Any CPU
	EndGlobalSection
	GlobalSection(SolutionProperties) = preSolution
		HideSolutionNode = FALSE
	EndGlobalSection
	GlobalSection(ExtensibilityGlobals) = postSolution
		SolutionGuid = {2D9A1BB7-479A-4AF3-9526-560E3640361F}
	EndGlobalSection
EndGlobal
